
Microsoft Visual Studio Solution File, Format Version 12.00
# Visual Studio 2013
VisualStudioVersion = 12.0.30501.0
MinimumVisualStudioVersion = 10.0.40219.1
Project("{2150E333-8FDC-42A3-9474-1A3956D46DE8}") = ".nuget", ".nuget", "{825EC826-96EB-405E-8F58-BB1972110263}"
	ProjectSection(SolutionItems) = preProject
		.nuget\NuGet.Config = .nuget\NuGet.Config
		.nuget\NuGet.targets = .nuget\NuGet.targets
	EndProjectSection
EndProject
Project("{2150E333-8FDC-42A3-9474-1A3956D46DE8}") = "nuget", "nuget", "{68082BD7-D596-4DFF-813A-1F60409A837A}"
	ProjectSection(SolutionItems) = preProject
		..\nuget\SemanticGit.Changelog.tt = ..\nuget\SemanticGit.Changelog.tt
		..\nuget\SemanticGit.tt = ..\nuget\SemanticGit.tt
		..\nuget\SemanticGit.ttinclude = ..\nuget\SemanticGit.ttinclude
	EndProjectSection
EndProject
Project("{2150E333-8FDC-42A3-9474-1A3956D46DE8}") = "Solution Items", "Solution Items", "{97BD13EF-5093-419E-9425-0F5CC12C702F}"
	ProjectSection(SolutionItems) = preProject
		..\build.bat = ..\build.bat
		..\build.proj = ..\build.proj
	EndProjectSection
EndProject
Project("{FAE04EC0-301F-11D3-BF4B-00C04F79EFBC}") = "SemanticGitFlow.Tasks", "Tasks\SemanticGitFlow.Tasks.csproj", "{0DB23F8E-BC89-4146-95FE-C7EFE70D63EE}"
EndProject
Project("{FAE04EC0-301F-11D3-BF4B-00C04F79EFBC}") = "SemanticGitFlow.Tests", "Tests\SemanticGitFlow.Tests.csproj", "{8ADB72B7-4F70-42EE-8E4C-95F80316293E}"
EndProject
Project("{2150E333-8FDC-42A3-9474-1A3956D46DE8}") = "SemanticGit", "SemanticGit", "{0F0F63CD-D343-4F57-8FB4-73946AB347B4}"
	ProjectSection(SolutionItems) = preProject
		..\nuget\SemanticGit\ReleaseNotes.txt = ..\nuget\SemanticGit\ReleaseNotes.txt
		..\nuget\SemanticGit\SemanticGit.nuspec = ..\nuget\SemanticGit\SemanticGit.nuspec
	EndProjectSection
EndProject
Project("{2150E333-8FDC-42A3-9474-1A3956D46DE8}") = "SemanticGit.Changelog", "SemanticGit.Changelog", "{EFC3DFB4-BB9C-4C0B-92BD-63DE033A3B47}"
	ProjectSection(SolutionItems) = preProject
		..\nuget\SemanticGit.Changelog\ReleaseNotes.txt = ..\nuget\SemanticGit.Changelog\ReleaseNotes.txt
		..\nuget\SemanticGit.Changelog\SemanticGit.Changelog.nuspec = ..\nuget\SemanticGit.Changelog\SemanticGit.Changelog.nuspec
	EndProjectSection
EndProject
Project("{2150E333-8FDC-42A3-9474-1A3956D46DE8}") = "build", "build", "{359615FB-F7BE-4529-9C25-BA1AB1208341}"
	ProjectSection(SolutionItems) = preProject
		..\nuget\SemanticGit\build\SemanticGit.props = ..\nuget\SemanticGit\build\SemanticGit.props
		..\nuget\SemanticGit\build\SemanticGit.targets = ..\nuget\SemanticGit\build\SemanticGit.targets
		..\nuget\SemanticGit\build\SemanticGit.tasks = ..\nuget\SemanticGit\build\SemanticGit.tasks
	EndProjectSection
EndProject
Project("{2150E333-8FDC-42A3-9474-1A3956D46DE8}") = "build", "build", "{1CF32EB8-4A5A-4CCA-A692-FF9DC2AD9B2B}"
	ProjectSection(SolutionItems) = preProject
		..\nuget\SemanticGit.Changelog\build\SemanticGit.Changelog.props = ..\nuget\SemanticGit.Changelog\build\SemanticGit.Changelog.props
		..\nuget\SemanticGit.Changelog\build\SemanticGit.Changelog.targets = ..\nuget\SemanticGit.Changelog\build\SemanticGit.Changelog.targets
		..\nuget\SemanticGit.Changelog\build\SemanticGit.Changelog.tasks = ..\nuget\SemanticGit.Changelog\build\SemanticGit.Changelog.tasks
	EndProjectSection
EndProject
Global
	GlobalSection(SolutionConfigurationPlatforms) = preSolution
		Debug|Any CPU = Debug|Any CPU
		Release|Any CPU = Release|Any CPU
	EndGlobalSection
	GlobalSection(ProjectConfigurationPlatforms) = postSolution
		{0DB23F8E-BC89-4146-95FE-C7EFE70D63EE}.Debug|Any CPU.ActiveCfg = Debug|Any CPU
		{0DB23F8E-BC89-4146-95FE-C7EFE70D63EE}.Debug|Any CPU.Build.0 = Debug|Any CPU
		{0DB23F8E-BC89-4146-95FE-C7EFE70D63EE}.Release|Any CPU.ActiveCfg = Release|Any CPU
		{0DB23F8E-BC89-4146-95FE-C7EFE70D63EE}.Release|Any CPU.Build.0 = Release|Any CPU
		{8ADB72B7-4F70-42EE-8E4C-95F80316293E}.Debug|Any CPU.ActiveCfg = Debug|Any CPU
		{8ADB72B7-4F70-42EE-8E4C-95F80316293E}.Debug|Any CPU.Build.0 = Debug|Any CPU
		{8ADB72B7-4F70-42EE-8E4C-95F80316293E}.Release|Any CPU.ActiveCfg = Release|Any CPU
		{8ADB72B7-4F70-42EE-8E4C-95F80316293E}.Release|Any CPU.Build.0 = Release|Any CPU
	EndGlobalSection
	GlobalSection(SolutionProperties) = preSolution
		HideSolutionNode = FALSE
	EndGlobalSection
	GlobalSection(NestedProjects) = preSolution
		{0F0F63CD-D343-4F57-8FB4-73946AB347B4} = {68082BD7-D596-4DFF-813A-1F60409A837A}
		{EFC3DFB4-BB9C-4C0B-92BD-63DE033A3B47} = {68082BD7-D596-4DFF-813A-1F60409A837A}
		{359615FB-F7BE-4529-9C25-BA1AB1208341} = {0F0F63CD-D343-4F57-8FB4-73946AB347B4}
		{1CF32EB8-4A5A-4CCA-A692-FF9DC2AD9B2B} = {EFC3DFB4-BB9C-4C0B-92BD-63DE033A3B47}
	EndGlobalSection
EndGlobal
